{
  "version": 4,
  "terraform_version": "1.5.7",
  "serial": 30,
  "lineage": "21d981ba-cbd0-5ae2-cd98-6c82a7031f5f",
  "outputs": {
    "app_service_url": {
      "value": "https://megaverse-api.azurewebsites.net",
      "type": "string"
    },
    "database_host": {
      "value": "megaverse-db.postgres.database.azure.com",
      "type": "string"
    },
    "database_password": {
      "value": "!_E}#3!oA7p+DG?W",
      "type": "string",
      "sensitive": true
    }
  },
  "resources": [
    {
      "mode": "managed",
      "type": "azurerm_linux_web_app",
      "name": "megaverse",
      "provider": "provider[\"registry.terraform.io/hashicorp/azurerm\"]",
      "instances": [
        {
          "schema_version": 1,
          "attributes": {
            "app_settings": {
              "NODE_ENV": "production",
              "PORT": "8080"
            },
            "auth_settings": [],
            "auth_settings_v2": [],
            "backup": [],
            "client_affinity_enabled": false,
            "client_certificate_enabled": false,
            "client_certificate_exclusion_paths": "",
            "client_certificate_mode": "Required",
            "connection_string": [],
            "custom_domain_verification_id": "3AAA99E335C115B82A033FE08F0D0A69EDC976B748BACFE8D106C55647654BAA",
            "default_hostname": "megaverse-api.azurewebsites.net",
            "enabled": true,
            "ftp_publish_basic_authentication_enabled": true,
            "hosting_environment_id": "",
            "https_only": false,
            "id": "/subscriptions/0d5440db-103e-4c4b-a098-43ebd6276e47/resourceGroups/megaverse-rg/providers/Microsoft.Web/sites/megaverse-api",
            "identity": [],
            "key_vault_reference_identity_id": "SystemAssigned",
            "kind": "app,linux",
            "location": "centralindia",
            "logs": [],
            "name": "megaverse-api",
            "outbound_ip_address_list": [
              "20.235.201.17",
              "20.235.201.23",
              "20.235.201.31",
              "20.235.201.43",
              "20.235.201.57",
              "20.235.201.58",
              "20.235.200.201",
              "20.235.200.213",
              "20.235.200.216",
              "20.235.200.180",
              "20.235.200.222",
              "20.235.200.230",
              "20.192.171.0"
            ],
            "outbound_ip_addresses": "20.235.201.17,20.235.201.23,20.235.201.31,20.235.201.43,20.235.201.57,20.235.201.58,20.235.200.201,20.235.200.213,20.235.200.216,20.235.200.180,20.235.200.222,20.235.200.230,20.192.171.0",
            "possible_outbound_ip_address_list": [
              "20.235.201.17",
              "20.235.201.23",
              "20.235.201.31",
              "20.235.201.43",
              "20.235.201.57",
              "20.235.201.58",
              "20.235.200.201",
              "20.235.200.213",
              "20.235.200.216",
              "20.235.200.180",
              "20.235.200.222",
              "20.235.200.230",
              "20.235.200.235",
              "20.235.200.236",
              "20.235.200.239",
              "20.235.200.245",
              "20.235.200.246",
              "20.235.200.252",
              "20.235.201.1",
              "20.235.201.3",
              "20.235.201.7",
              "20.235.201.13",
              "20.235.200.99",
              "20.235.201.14",
              "20.235.201.63",
              "20.235.201.68",
              "20.235.201.85",
              "20.235.201.91",
              "20.235.201.93",
              "20.235.201.94",
              "20.192.171.0"
            ],
            "possible_outbound_ip_addresses": "20.235.201.17,20.235.201.23,20.235.201.31,20.235.201.43,20.235.201.57,20.235.201.58,20.235.200.201,20.235.200.213,20.235.200.216,20.235.200.180,20.235.200.222,20.235.200.230,20.235.200.235,20.235.200.236,20.235.200.239,20.235.200.245,20.235.200.246,20.235.200.252,20.235.201.1,20.235.201.3,20.235.201.7,20.235.201.13,20.235.200.99,20.235.201.14,20.235.201.63,20.235.201.68,20.235.201.85,20.235.201.91,20.235.201.93,20.235.201.94,20.192.171.0",
            "public_network_access_enabled": true,
            "resource_group_name": "megaverse-rg",
            "service_plan_id": "/subscriptions/0d5440db-103e-4c4b-a098-43ebd6276e47/resourceGroups/megaverse-rg/providers/Microsoft.Web/serverFarms/megaverse-plan",
            "site_config": [
              {
                "always_on": false,
                "api_definition_url": "",
                "api_management_api_id": "",
                "app_command_line": "",
                "application_stack": [
                  {
                    "docker_image": "",
                    "docker_image_name": "",
                    "docker_image_tag": "",
                    "docker_registry_password": "",
                    "docker_registry_url": "",
                    "docker_registry_username": "",
                    "dotnet_version": "",
                    "go_version": "",
                    "java_server": "",
                    "java_server_version": "",
                    "java_version": "",
                    "node_version": "20-lts",
                    "php_version": "",
                    "python_version": "",
                    "ruby_version": ""
                  }
                ],
                "auto_heal_enabled": false,
                "auto_heal_setting": [],
                "container_registry_managed_identity_client_id": "",
                "container_registry_use_managed_identity": false,
                "cors": [],
                "default_documents": [
                  "Default.htm",
                  "Default.html",
                  "Default.asp",
                  "index.htm",
                  "index.html",
                  "iisstart.htm",
                  "default.aspx",
                  "index.php",
                  "hostingstart.html"
                ],
                "detailed_error_logging_enabled": false,
                "ftps_state": "Disabled",
                "health_check_eviction_time_in_min": 0,
                "health_check_path": "",
                "http2_enabled": false,
                "ip_restriction": [],
                "ip_restriction_default_action": "Allow",
                "linux_fx_version": "NODE|20-lts",
                "load_balancing_mode": "LeastRequests",
                "local_mysql_enabled": false,
                "managed_pipeline_mode": "Integrated",
                "minimum_tls_version": "1.2",
                "remote_debugging_enabled": false,
                "remote_debugging_version": "VS2022",
                "scm_ip_restriction": [],
                "scm_ip_restriction_default_action": "Allow",
                "scm_minimum_tls_version": "1.2",
                "scm_type": "None",
                "scm_use_main_ip_restriction": false,
                "use_32_bit_worker": true,
                "vnet_route_all_enabled": false,
                "websockets_enabled": false,
                "worker_count": 1
              }
            ],
            "site_credential": [
              {
                "name": "$megaverse-api",
                "password": "qjl5or147CrSQ2fmZGv41o69c9g0S4MJBctt0odJQZEbEH16tNY0sp3x90eM"
              }
            ],
            "sticky_settings": [],
            "storage_account": [],
            "tags": null,
            "timeouts": null,
            "virtual_network_subnet_id": "",
            "webdeploy_publish_basic_authentication_enabled": true,
            "zip_deploy_file": ""
          },
          "sensitive_attributes": [],
          "private": "eyJlMmJmYjczMC1lY2FhLTExZTYtOGY4OC0zNDM2M2JjN2M0YzAiOnsiY3JlYXRlIjoxODAwMDAwMDAwMDAwLCJkZWxldGUiOjE4MDAwMDAwMDAwMDAsInJlYWQiOjMwMDAwMDAwMDAwMCwidXBkYXRlIjoxODAwMDAwMDAwMDAwfSwic2NoZW1hX3ZlcnNpb24iOiIxIn0=",
          "dependencies": [
            "azurerm_resource_group.megaverse",
            "azurerm_service_plan.megaverse"
          ]
        }
      ]
    },
    {
      "mode": "managed",
      "type": "azurerm_postgresql_flexible_server",
      "name": "megaverse",
      "provider": "provider[\"registry.terraform.io/hashicorp/azurerm\"]",
      "instances": [
        {
          "schema_version": 0,
          "attributes": {
            "administrator_login": "dbadmin",
            "administrator_password": "!_E}#3!oA7p+DG?W",
            "authentication": [
              {
                "active_directory_auth_enabled": false,
                "password_auth_enabled": true,
                "tenant_id": ""
              }
            ],
            "auto_grow_enabled": false,
            "backup_retention_days": 7,
            "create_mode": null,
            "customer_managed_key": [],
            "delegated_subnet_id": "",
            "fqdn": "megaverse-db.postgres.database.azure.com",
            "geo_redundant_backup_enabled": false,
            "high_availability": [],
            "id": "/subscriptions/0d5440db-103e-4c4b-a098-43ebd6276e47/resourceGroups/megaverse-rg/providers/Microsoft.DBforPostgreSQL/flexibleServers/megaverse-db",
            "identity": [],
            "location": "centralindia",
            "maintenance_window": [],
            "name": "megaverse-db",
            "point_in_time_restore_time_in_utc": null,
            "private_dns_zone_id": "",
            "public_network_access_enabled": true,
            "replication_role": "",
            "resource_group_name": "megaverse-rg",
            "sku_name": "B_Standard_B1ms",
            "source_server_id": null,
            "storage_mb": 32768,
            "storage_tier": "P4",
            "tags": {},
            "timeouts": null,
            "version": "15",
            "zone": ""
          },
          "sensitive_attributes": [
            [
              {
                "type": "get_attr",
                "value": "administrator_password"
              }
            ]
          ],
          "private": "eyJlMmJmYjczMC1lY2FhLTExZTYtOGY4OC0zNDM2M2JjN2M0YzAiOnsiY3JlYXRlIjozNjAwMDAwMDAwMDAwLCJkZWxldGUiOjM2MDAwMDAwMDAwMDAsInJlYWQiOjMwMDAwMDAwMDAwMCwidXBkYXRlIjozNjAwMDAwMDAwMDAwfX0=",
          "dependencies": [
            "azurerm_resource_group.megaverse",
            "random_password.db_password"
          ]
        }
      ]
    },
    {
      "mode": "managed",
      "type": "azurerm_postgresql_flexible_server_database",
      "name": "megaverse_db",
      "provider": "provider[\"registry.terraform.io/hashicorp/azurerm\"]",
      "instances": [
        {
          "schema_version": 0,
          "attributes": {
            "charset": "UTF8",
            "collation": "en_US.utf8",
            "id": "/subscriptions/0d5440db-103e-4c4b-a098-43ebd6276e47/resourceGroups/megaverse-rg/providers/Microsoft.DBforPostgreSQL/flexibleServers/megaverse-db/databases/megaverse_db",
            "name": "megaverse_db",
            "server_id": "/subscriptions/0d5440db-103e-4c4b-a098-43ebd6276e47/resourceGroups/megaverse-rg/providers/Microsoft.DBforPostgreSQL/flexibleServers/megaverse-db",
            "timeouts": null
          },
          "sensitive_attributes": [],
          "private": "eyJlMmJmYjczMC1lY2FhLTExZTYtOGY4OC0zNDM2M2JjN2M0YzAiOnsiY3JlYXRlIjoxODAwMDAwMDAwMDAwLCJkZWxldGUiOjE4MDAwMDAwMDAwMDAsInJlYWQiOjMwMDAwMDAwMDAwMH19",
          "dependencies": [
            "azurerm_postgresql_flexible_server.megaverse",
            "azurerm_resource_group.megaverse",
            "random_password.db_password"
          ]
        }
      ]
    },
    {
      "mode": "managed",
      "type": "azurerm_postgresql_flexible_server_firewall_rule",
      "name": "azure_services",
      "provider": "provider[\"registry.terraform.io/hashicorp/azurerm\"]",
      "instances": [
        {
          "schema_version": 0,
          "attributes": {
            "end_ip_address": "255.255.255.255",
            "id": "/subscriptions/0d5440db-103e-4c4b-a098-43ebd6276e47/resourceGroups/megaverse-rg/providers/Microsoft.DBforPostgreSQL/flexibleServers/megaverse-db/firewallRules/AllowAllAzureServices",
            "name": "AllowAllAzureServices",
            "server_id": "/subscriptions/0d5440db-103e-4c4b-a098-43ebd6276e47/resourceGroups/megaverse-rg/providers/Microsoft.DBforPostgreSQL/flexibleServers/megaverse-db",
            "start_ip_address": "0.0.0.0",
            "timeouts": null
          },
          "sensitive_attributes": [],
          "private": "eyJlMmJmYjczMC1lY2FhLTExZTYtOGY4OC0zNDM2M2JjN2M0YzAiOnsiY3JlYXRlIjoxODAwMDAwMDAwMDAwLCJkZWxldGUiOjE4MDAwMDAwMDAwMDAsInJlYWQiOjMwMDAwMDAwMDAwMCwidXBkYXRlIjoxODAwMDAwMDAwMDAwfX0=",
          "dependencies": [
            "azurerm_postgresql_flexible_server.megaverse",
            "azurerm_resource_group.megaverse",
            "random_password.db_password"
          ]
        }
      ]
    },
    {
      "mode": "managed",
      "type": "azurerm_resource_group",
      "name": "megaverse",
      "provider": "provider[\"registry.terraform.io/hashicorp/azurerm\"]",
      "instances": [
        {
          "schema_version": 0,
          "attributes": {
            "id": "/subscriptions/0d5440db-103e-4c4b-a098-43ebd6276e47/resourceGroups/megaverse-rg",
            "location": "centralindia",
            "managed_by": "",
            "name": "megaverse-rg",
            "tags": {},
            "timeouts": null
          },
          "sensitive_attributes": [],
          "private": "eyJlMmJmYjczMC1lY2FhLTExZTYtOGY4OC0zNDM2M2JjN2M0YzAiOnsiY3JlYXRlIjo1NDAwMDAwMDAwMDAwLCJkZWxldGUiOjU0MDAwMDAwMDAwMDAsInJlYWQiOjMwMDAwMDAwMDAwMCwidXBkYXRlIjo1NDAwMDAwMDAwMDAwfX0="
        }
      ]
    },
    {
      "mode": "managed",
      "type": "azurerm_service_plan",
      "name": "megaverse",
      "provider": "provider[\"registry.terraform.io/hashicorp/azurerm\"]",
      "instances": [
        {
          "schema_version": 1,
          "attributes": {
            "app_service_environment_id": "",
            "id": "/subscriptions/0d5440db-103e-4c4b-a098-43ebd6276e47/resourceGroups/megaverse-rg/providers/Microsoft.Web/serverFarms/megaverse-plan",
            "kind": "linux",
            "location": "centralindia",
            "maximum_elastic_worker_count": 1,
            "name": "megaverse-plan",
            "os_type": "Linux",
            "per_site_scaling_enabled": false,
            "reserved": true,
            "resource_group_name": "megaverse-rg",
            "sku_name": "F1",
            "tags": null,
            "timeouts": null,
            "worker_count": 1,
            "zone_balancing_enabled": false
          },
          "sensitive_attributes": [],
          "private": "eyJlMmJmYjczMC1lY2FhLTExZTYtOGY4OC0zNDM2M2JjN2M0YzAiOnsiY3JlYXRlIjozNjAwMDAwMDAwMDAwLCJkZWxldGUiOjM2MDAwMDAwMDAwMDAsInJlYWQiOjMwMDAwMDAwMDAwMCwidXBkYXRlIjozNjAwMDAwMDAwMDAwfSwic2NoZW1hX3ZlcnNpb24iOiIxIn0=",
          "dependencies": [
            "azurerm_resource_group.megaverse"
          ]
        }
      ]
    },
    {
      "mode": "managed",
      "type": "random_password",
      "name": "db_password",
      "provider": "provider[\"registry.terraform.io/hashicorp/random\"]",
      "instances": [
        {
          "schema_version": 3,
          "attributes": {
            "bcrypt_hash": "$2a$10$M9rUcwzujY433c38vg0UT.8p8SNdRYZu7gliVHZ4MrNwhY3IdGeBm",
            "id": "none",
            "keepers": null,
            "length": 16,
            "lower": true,
            "min_lower": 0,
            "min_numeric": 0,
            "min_special": 0,
            "min_upper": 0,
            "number": true,
            "numeric": true,
            "override_special": null,
            "result": "!_E}#3!oA7p+DG?W",
            "special": true,
            "upper": true
          },
          "sensitive_attributes": []
        }
      ]
    }
  ],
  "check_results": null
}
